
Microsoft Visual Studio Solution File, Format Version 12.00
# Visual Studio Version 16
VisualStudioVersion = 16.0.30503.244
MinimumVisualStudioVersion = 10.0.40219.1
Project("{9A19103F-16F7-4668-BE54-9A1E7A4F7556}") = "ApiTranslate", "ApiTranslate\ApiTranslate.csproj", "{997A80EB-A616-4053-A04F-266E1FAC2471}"
EndProject
Project("{2150E333-8FDC-42A3-9474-1A3956D46DE8}") = "Domain", "Domain", "{3C2B4125-7ED9-42D1-9A09-82926FB7282B}"
EndProject
Project("{2150E333-8FDC-42A3-9474-1A3956D46DE8}") = "Infra", "Infra", "{CE62CF4B-1A02-47DE-A85A-2ECE60144F02}"
EndProject
Project("{2150E333-8FDC-42A3-9474-1A3956D46DE8}") = "Service", "Service", "{97DE9C59-CFE4-482F-BA97-4E30DED80F3F}"
EndProject
Project("{9A19103F-16F7-4668-BE54-9A1E7A4F7556}") = "ApiTranslate.Domain", "ApiTranslate.Domain\ApiTranslate.Domain.csproj", "{A3ED2CFD-CA53-4944-AAF7-130E24CDFB50}"
EndProject
Project("{2150E333-8FDC-42A3-9474-1A3956D46DE8}") = "CrossCutting", "CrossCutting", "{6DA31741-74FC-4853-8066-3ECA77CD1E48}"
EndProject
Project("{9A19103F-16F7-4668-BE54-9A1E7A4F7556}") = "ApiTranslate.Infra.CrossCutting", "ApiTranslate.Infra.CrossCutting\ApiTranslate.Infra.CrossCutting.csproj", "{C06E0D16-83CC-4CA1-8610-715B94D3371C}"
EndProject
Project("{9A19103F-16F7-4668-BE54-9A1E7A4F7556}") = "ApiTranslate.Service", "ApiTranslate.Service\ApiTranslate.Service.csproj", "{14CD77D4-88CF-43CD-AAE0-826E4EBD1D36}"
EndProject
Global
	GlobalSection(SolutionConfigurationPlatforms) = preSolution
		Debug|Any CPU = Debug|Any CPU
		Release|Any CPU = Release|Any CPU
	EndGlobalSection
	GlobalSection(ProjectConfigurationPlatforms) = postSolution
		{997A80EB-A616-4053-A04F-266E1FAC2471}.Debug|Any CPU.ActiveCfg = Debug|Any CPU
		{997A80EB-A616-4053-A04F-266E1FAC2471}.Debug|Any CPU.Build.0 = Debug|Any CPU
		{997A80EB-A616-4053-A04F-266E1FAC2471}.Release|Any CPU.ActiveCfg = Release|Any CPU
		{997A80EB-A616-4053-A04F-266E1FAC2471}.Release|Any CPU.Build.0 = Release|Any CPU
		{A3ED2CFD-CA53-4944-AAF7-130E24CDFB50}.Debug|Any CPU.ActiveCfg = Debug|Any CPU
		{A3ED2CFD-CA53-4944-AAF7-130E24CDFB50}.Debug|Any CPU.Build.0 = Debug|Any CPU
		{A3ED2CFD-CA53-4944-AAF7-130E24CDFB50}.Release|Any CPU.ActiveCfg = Release|Any CPU
		{A3ED2CFD-CA53-4944-AAF7-130E24CDFB50}.Release|Any CPU.Build.0 = Release|Any CPU
		{C06E0D16-83CC-4CA1-8610-715B94D3371C}.Debug|Any CPU.ActiveCfg = Debug|Any CPU
		{C06E0D16-83CC-4CA1-8610-715B94D3371C}.Debug|Any CPU.Build.0 = Debug|Any CPU
		{C06E0D16-83CC-4CA1-8610-715B94D3371C}.Release|Any CPU.ActiveCfg = Release|Any CPU
		{C06E0D16-83CC-4CA1-8610-715B94D3371C}.Release|Any CPU.Build.0 = Release|Any CPU
		{14CD77D4-88CF-43CD-AAE0-826E4EBD1D36}.Debug|Any CPU.ActiveCfg = Debug|Any CPU
		{14CD77D4-88CF-43CD-AAE0-826E4EBD1D36}.Debug|Any CPU.Build.0 = Debug|Any CPU
		{14CD77D4-88CF-43CD-AAE0-826E4EBD1D36}.Release|Any CPU.ActiveCfg = Release|Any CPU
		{14CD77D4-88CF-43CD-AAE0-826E4EBD1D36}.Release|Any CPU.Build.0 = Release|Any CPU
	EndGlobalSection
	GlobalSection(SolutionProperties) = preSolution
		HideSolutionNode = FALSE
	EndGlobalSection
	GlobalSection(NestedProjects) = preSolution
		{A3ED2CFD-CA53-4944-AAF7-130E24CDFB50} = {3C2B4125-7ED9-42D1-9A09-82926FB7282B}
		{6DA31741-74FC-4853-8066-3ECA77CD1E48} = {CE62CF4B-1A02-47DE-A85A-2ECE60144F02}
		{C06E0D16-83CC-4CA1-8610-715B94D3371C} = {6DA31741-74FC-4853-8066-3ECA77CD1E48}
		{14CD77D4-88CF-43CD-AAE0-826E4EBD1D36} = {97DE9C59-CFE4-482F-BA97-4E30DED80F3F}
	EndGlobalSection
	GlobalSection(ExtensibilityGlobals) = postSolution
		SolutionGuid = {E4B03816-B7BA-401F-89D9-B6A8417B866B}
	EndGlobalSection
EndGlobal
